
Microsoft Visual Studio Solution File, Format Version 12.00
# Visual Studio Version 17
VisualStudioVersion = 17.11.35312.102
MinimumVisualStudioVersion = 10.0.40219.1
Project("{FAE04EC0-301F-11D3-BF4B-00C04F79EFBC}") = "WebAppCaKoi", "WebAppCaKoi\WebAppCaKoi.csproj", "{9E40781B-FB06-426B-97B6-A6E07FA6D1F9}"
EndProject
Project("{FAE04EC0-301F-11D3-BF4B-00C04F79EFBC}") = "CaKoi.Services", "CaKoi.Services\CaKoi.Services.csproj", "{A1E26BD4-2B65-4491-9B76-5FA0DB123495}"
EndProject
Project("{FAE04EC0-301F-11D3-BF4B-00C04F79EFBC}") = "CaKoi.Respositories", "CaKoi.Respositories\CaKoi.Respositories.csproj", "{DC524B28-5F5F-4A47-9701-E4A36C06A101}"
EndProject
Global
	GlobalSection(SolutionConfigurationPlatforms) = preSolution
		Debug|Any CPU = Debug|Any CPU
		Release|Any CPU = Release|Any CPU
	EndGlobalSection
	GlobalSection(ProjectConfigurationPlatforms) = postSolution
		{9E40781B-FB06-426B-97B6-A6E07FA6D1F9}.Debug|Any CPU.ActiveCfg = Debug|Any CPU
		{9E40781B-FB06-426B-97B6-A6E07FA6D1F9}.Debug|Any CPU.Build.0 = Debug|Any CPU
		{9E40781B-FB06-426B-97B6-A6E07FA6D1F9}.Release|Any CPU.ActiveCfg = Release|Any CPU
		{9E40781B-FB06-426B-97B6-A6E07FA6D1F9}.Release|Any CPU.Build.0 = Release|Any CPU
		{A1E26BD4-2B65-4491-9B76-5FA0DB123495}.Debug|Any CPU.ActiveCfg = Debug|Any CPU
		{A1E26BD4-2B65-4491-9B76-5FA0DB123495}.Debug|Any CPU.Build.0 = Debug|Any CPU
		{A1E26BD4-2B65-4491-9B76-5FA0DB123495}.Release|Any CPU.ActiveCfg = Release|Any CPU
		{A1E26BD4-2B65-4491-9B76-5FA0DB123495}.Release|Any CPU.Build.0 = Release|Any CPU
		{DC524B28-5F5F-4A47-9701-E4A36C06A101}.Debug|Any CPU.ActiveCfg = Debug|Any CPU
		{DC524B28-5F5F-4A47-9701-E4A36C06A101}.Debug|Any CPU.Build.0 = Debug|Any CPU
		{DC524B28-5F5F-4A47-9701-E4A36C06A101}.Release|Any CPU.ActiveCfg = Release|Any CPU
		{DC524B28-5F5F-4A47-9701-E4A36C06A101}.Release|Any CPU.Build.0 = Release|Any CPU
	EndGlobalSection
	GlobalSection(SolutionProperties) = preSolution
		HideSolutionNode = FALSE
	EndGlobalSection
	GlobalSection(ExtensibilityGlobals) = postSolution
		SolutionGuid = {0FD47968-5E67-4CCF-8311-2E3CB28A1AA7}
	EndGlobalSection
EndGlobal
